
Microsoft Visual Studio Solution File, Format Version 12.00
# Visual Studio Version 17
VisualStudioVersion = 17.7.34031.279
MinimumVisualStudioVersion = 10.0.40219.1
Project("{FAE04EC0-301F-11D3-BF4B-00C04F79EFBC}") = "PhpVersionManager", "PhpVersionManager.csproj", "{7A17DCE5-4B3E-488E-831C-C1A0234F813F}"
EndProject
Global
	GlobalSection(SolutionConfigurationPlatforms) = preSolution
		Debug|Any CPU = Debug|Any CPU
		Release|Any CPU = Release|Any CPU
	EndGlobalSection
	GlobalSection(ProjectConfigurationPlatforms) = postSolution
		{7A17DCE5-4B3E-488E-831C-C1A0234F813F}.Debug|Any CPU.ActiveCfg = Debug|Any CPU
		{7A17DCE5-4B3E-488E-831C-C1A0234F813F}.Debug|Any CPU.Build.0 = Debug|Any CPU
		{7A17DCE5-4B3E-488E-831C-C1A0234F813F}.Release|Any CPU.ActiveCfg = Release|Any CPU
		{7A17DCE5-4B3E-488E-831C-C1A0234F813F}.Release|Any CPU.Build.0 = Release|Any CPU
	EndGlobalSection
	GlobalSection(SolutionProperties) = preSolution
		HideSolutionNode = FALSE
	EndGlobalSection
	GlobalSection(ExtensibilityGlobals) = postSolution
		SolutionGuid = {7C4B673A-82B3-4DB0-8F88-387C3AB69317}
	EndGlobalSection
EndGlobal
